// !$*UTF8*$!
{
	archiveVersion = 1;
	classes = {
	};
	objectVersion = 46;
	objects = {

/* Begin PBXBuildFile section */
		0631E1451B1FA3BE004C72B8 /* RootTableViewController.swift in Sources */ = {isa = PBXBuildFile; fileRef = 0631E1441B1FA3BE004C72B8 /* RootTableViewController.swift */; };
		0631E1471B1FA3D9004C72B8 /* SecondTableViewController.swift in Sources */ = {isa = PBXBuildFile; fileRef = 0631E1461B1FA3D9004C72B8 /* SecondTableViewController.swift */; };
		0631E14A1B21145A004C72B8 /* Main.storyboard in Resources */ = {isa = PBXBuildFile; fileRef = 0631E1481B21145A004C72B8 /* Main.storyboard */; };
		06D007AC1B1F9E6200455763 /* AppDelegate.swift in Sources */ = {isa = PBXBuildFile; fileRef = 06D007AB1B1F9E6200455763 /* AppDelegate.swift */; };
		06D007AE1B1F9E6200455763 /* ViewController.swift in Sources */ = {isa = PBXBuildFile; fileRef = 06D007AD1B1F9E6200455763 /* ViewController.swift */; };
		06D007B31B1F9E6200455763 /* Images.xcassets in Resources */ = {isa = PBXBuildFile; fileRef = 06D007B21B1F9E6200455763 /* Images.xcassets */; };
		06D007B61B1F9E6200455763 /* LaunchScreen.xib in Resources */ = {isa = PBXBuildFile; fileRef = 06D007B41B1F9E6200455763 /* LaunchScreen.xib */; };
		06D007C21B1F9E6200455763 /* TableViewContainerTests.swift in Sources */ = {isa = PBXBuildFile; fileRef = 06D007C11B1F9E6200455763 /* TableViewContainerTests.swift */; };
/* End PBXBuildFile section */

/* Begin PBXContainerItemProxy section */
		06D007BC1B1F9E6200455763 /* PBXContainerItemProxy */ = {
			isa = PBXContainerItemProxy;
			containerPortal = 06D0079E1B1F9E6200455763 /* Project object */;
			proxyType = 1;
			remoteGlobalIDString = 06D007A51B1F9E6200455763;
			remoteInfo = TableViewContainer;
		};
/* End PBXContainerItemProxy section */

/* Begin PBXFileReference section */
		0631E1441B1FA3BE004C72B8 /* RootTableViewController.swift */ = {isa = PBXFileReference; fileEncoding = 4; lastKnownFileType = sourcecode.swift; path = RootTableViewController.swift; sourceTree = "<group>"; };
		0631E1461B1FA3D9004C72B8 /* SecondTableViewController.swift */ = {isa = PBXFileReference; fileEncoding = 4; lastKnownFileType = sourcecode.swift; path = SecondTableViewController.swift; sourceTree = "<group>"; };
		0631E1491B21145A004C72B8 /* Base */ = {isa = PBXFileReference; lastKnownFileType = file.storyboard; name = Base; path = Base.lproj/Main.storyboard; sourceTree = "<group>"; };
		06D007A61B1F9E6200455763 /* TableViewContainer.app */ = {isa = PBXFileReference; explicitFileType = wrapper.application; includeInIndex = 0; path = TableViewContainer.app; sourceTree = BUILT_PRODUCTS_DIR; };
		06D007AA1B1F9E6200455763 /* Info.plist */ = {isa = PBXFileReference; lastKnownFileType = text.plist.xml; path = Info.plist; sourceTree = "<group>"; };
		06D007AB1B1F9E6200455763 /* AppDelegate.swift */ = {isa = PBXFileReference; lastKnownFileType = sourcecode.swift; path = AppDelegate.swift; sourceTree = "<group>"; };
		06D007AD1B1F9E6200455763 /* ViewController.swift */ = {isa = PBXFileReference; lastKnownFileType = sourcecode.swift; path = ViewController.swift; sourceTree = "<group>"; };
		06D007B21B1F9E6200455763 /* Images.xcassets */ = {isa = PBXFileReference; lastKnownFileType = folder.assetcatalog; path = Images.xcassets; sourceTree = "<group>"; };
		06D007B51B1F9E6200455763 /* Base */ = {isa = PBXFileReference; lastKnownFileType = file.xib; name = Base; path = Base.lproj/LaunchScreen.xib; sourceTree = "<group>"; };
		06D007BB1B1F9E6200455763 /* TableViewContainerTests.xctest */ = {isa = PBXFileReference; explicitFileType = wrapper.cfbundle; includeInIndex = 0; path = TableViewContainerTests.xctest; sourceTree = BUILT_PRODUCTS_DIR; };
		06D007C01B1F9E6200455763 /* Info.plist */ = {isa = PBXFileReference; lastKnownFileType = text.plist.xml; path = Info.plist; sourceTree = "<group>"; };
		06D007C11B1F9E6200455763 /* TableViewContainerTests.swift */ = {isa = PBXFileReference; lastKnownFileType = sourcecode.swift; path = TableViewContainerTests.swift; sourceTree = "<group>"; };
/* End PBXFileReference section */

/* Begin PBXFrameworksBuildPhase section */
		06D007A31B1F9E6200455763 /* Frameworks */ = {
			isa = PBXFrameworksBuildPhase;
			buildActionMask = 2147483647;
			files = (
			);
			runOnlyForDeploymentPostprocessing = 0;
		};
		06D007B81B1F9E6200455763 /* Frameworks */ = {
			isa = PBXFrameworksBuildPhase;
			buildActionMask = 2147483647;
			files = (
			);
			runOnlyForDeploymentPostprocessing = 0;
		};
/* End PBXFrameworksBuildPhase section */

/* Begin PBXGroup section */
		06D0079D1B1F9E6200455763 = {
			isa = PBXGroup;
			children = (
				06D007A81B1F9E6200455763 /* TableViewContainer */,
				06D007BE1B1F9E6200455763 /* TableViewContainerTests */,
				06D007A71B1F9E6200455763 /* Products */,
			);
			sourceTree = "<group>";
		};
		06D007A71B1F9E6200455763 /* Products */ = {
			isa = PBXGroup;
			children = (
				06D007A61B1F9E6200455763 /* TableViewContainer.app */,
				06D007BB1B1F9E6200455763 /* TableViewContainerTests.xctest */,
			);
			name = Products;
			sourceTree = "<group>";
		};
		06D007A81B1F9E6200455763 /* TableViewContainer */ = {
			isa = PBXGroup;
			children = (
				06D007AB1B1F9E6200455763 /* AppDelegate.swift */,
				06D007AD1B1F9E6200455763 /* ViewController.swift */,
				0631E1441B1FA3BE004C72B8 /* RootTableViewController.swift */,
				0631E1461B1FA3D9004C72B8 /* SecondTableViewController.swift */,
				0631E1481B21145A004C72B8 /* Main.storyboard */,
				06D007B21B1F9E6200455763 /* Images.xcassets */,
				06D007B41B1F9E6200455763 /* LaunchScreen.xib */,
				06D007A91B1F9E6200455763 /* Supporting Files */,
			);
			path = TableViewContainer;
			sourceTree = "<group>";
		};
		06D007A91B1F9E6200455763 /* Supporting Files */ = {
			isa = PBXGroup;
			children = (
				06D007AA1B1F9E6200455763 /* Info.plist */,
			);
			name = "Supporting Files";
			sourceTree = "<group>";
		};
		06D007BE1B1F9E6200455763 /* TableViewContainerTests */ = {
			isa = PBXGroup;
			children = (
				06D007C11B1F9E6200455763 /* TableViewContainerTests.swift */,
				06D007BF1B1F9E6200455763 /* Supporting Files */,
			);
			path = TableViewContainerTests;
			sourceTree = "<group>";
		};
		06D007BF1B1F9E6200455763 /* Supporting Files */ = {
			isa = PBXGroup;
			children = (
				06D007C01B1F9E6200455763 /* Info.plist */,
			);
			name = "Supporting Files";
			sourceTree = "<group>";
		};
/* End PBXGroup section */

/* Begin PBXNativeTarget section */
		06D007A51B1F9E6200455763 /* TableViewContainer */ = {
			isa = PBXNativeTarget;
			buildConfigurationList = 06D007C51B1F9E6200455763 /* Build configuration list for PBXNativeTarget "TableViewContainer" */;
			buildPhases = (
				06D007A21B1F9E6200455763 /* Sources */,
				06D007A31B1F9E6200455763 /* Frameworks */,
				06D007A41B1F9E6200455763 /* Resources */,
			);
			buildRules = (
			);
			dependencies = (
			);
			name = TableViewContainer;
			productName = TableViewContainer;
			productReference = 06D007A61B1F9E6200455763 /* TableViewContainer.app */;
			productType = "com.apple.product-type.application";
		};
		06D007BA1B1F9E6200455763 /* TableViewContainerTests */ = {
			isa = PBXNativeTarget;
			buildConfigurationList = 06D007C81B1F9E6200455763 /* Build configuration list for PBXNativeTarget "TableViewContainerTests" */;
			buildPhases = (
				06D007B71B1F9E6200455763 /* Sources */,
				06D007B81B1F9E6200455763 /* Frameworks */,
				06D007B91B1F9E6200455763 /* Resources */,
			);
			buildRules = (
			);
			dependencies = (
				06D007BD1B1F9E6200455763 /* PBXTargetDependency */,
			);
			name = TableViewContainerTests;
			productName = TableViewContainerTests;
			productReference = 06D007BB1B1F9E6200455763 /* TableViewContainerTests.xctest */;
			productType = "com.apple.product-type.bundle.unit-test";
		};
/* End PBXNativeTarget section */

/* Begin PBXProject section */
		06D0079E1B1F9E6200455763 /* Project object */ = {
			isa = PBXProject;
			attributes = {
				LastUpgradeCheck = 0630;
				ORGANIZATIONNAME = "Gabriela Schirmer Mauricio";
				TargetAttributes = {
					06D007A51B1F9E6200455763 = {
						CreatedOnToolsVersion = 6.3.2;
					};
					06D007BA1B1F9E6200455763 = {
						CreatedOnToolsVersion = 6.3.2;
						TestTargetID = 06D007A51B1F9E6200455763;
					};
				};
			};
			buildConfigurationList = 06D007A11B1F9E6200455763 /* Build configuration list for PBXProject "TableViewContainer" */;
			compatibilityVersion = "Xcode 3.2";
			developmentRegion = English;
			hasScannedForEncodings = 0;
			knownRegions = (
				en,
				Base,
			);
			mainGroup = 06D0079D1B1F9E6200455763;
			productRefGroup = 06D007A71B1F9E6200455763 /* Products */;
			projectDirPath = "";
			projectRoot = "";
			targets = (
				06D007A51B1F9E6200455763 /* TableViewContainer */,
				06D007BA1B1F9E6200455763 /* TableViewContainerTests */,
			);
		};
/* End PBXProject section */

/* Begin PBXResourcesBuildPhase section */
		06D007A41B1F9E6200455763 /* Resources */ = {
			isa = PBXResourcesBuildPhase;
			buildActionMask = 2147483647;
			files = (
				0631E14A1B21145A004C72B8 /* Main.storyboard in Resources */,
				06D007B61B1F9E6200455763 /* LaunchScreen.xib in Resources */,
				06D007B31B1F9E6200455763 /* Images.xcassets in Resources */,
			);
			runOnlyForDeploymentPostprocessing = 0;
		};
		06D007B91B1F9E6200455763 /* Resources */ = {
			isa = PBXResourcesBuildPhase;
			buildActionMask = 2147483647;
			files = (
			);
			runOnlyForDeploymentPostprocessing = 0;
		};
/* End PBXResourcesBuildPhase section */

/* Begin PBXSourcesBuildPhase section */
		06D007A21B1F9E6200455763 /* Sources */ = {
			isa = PBXSourcesBuildPhase;
			buildActionMask = 2147483647;
			files = (
				06D007AE1B1F9E6200455763 /* ViewController.swift in Sources */,
				0631E1471B1FA3D9004C72B8 /* SecondTableViewController.swift in Sources */,
				0631E1451B1FA3BE004C72B8 /* RootTableViewController.swift in Sources */,
				06D007AC1B1F9E6200455763 /* AppDelegate.swift in Sources */,
			);
			runOnlyForDeploymentPostprocessing = 0;
		};
		06D007B71B1F9E6200455763 /* Sources */ = {
			isa = PBXSourcesBuildPhase;
			buildActionMask = 2147483647;
			files = (
				06D007C21B1F9E6200455763 /* TableViewContainerTests.swift in Sources */,
			);
			runOnlyForDeploymentPostprocessing = 0;
		};
/* End PBXSourcesBuildPhase section */

/* Begin PBXTargetDependency section */
		06D007BD1B1F9E6200455763 /* PBXTargetDependency */ = {
			isa = PBXTargetDependency;
			target = 06D007A51B1F9E6200455763 /* TableViewContainer */;
			targetProxy = 06D007BC1B1F9E6200455763 /* PBXContainerItemProxy */;
		};
/* End PBXTargetDependency section */

/* Begin PBXVariantGroup section */
		0631E1481B21145A004C72B8 /* Main.storyboard */ = {
			isa = PBXVariantGroup;
			children = (
				0631E1491B21145A004C72B8 /* Base */,
			);
			name = Main.storyboard;
			sourceTree = "<group>";
		};
		06D007B41B1F9E6200455763 /* LaunchScreen.xib */ = {
			isa = PBXVariantGroup;
			children = (
				06D007B51B1F9E6200455763 /* Base */,
			);
			name = LaunchScreen.xib;
			sourceTree = "<group>";
		};
/* End PBXVariantGroup section */

/* Begin XCBuildConfiguration section */
		06D007C31B1F9E6200455763 /* Debug */ = {
			isa = XCBuildConfiguration;
			buildSettings = {
				ALWAYS_SEARCH_USER_PATHS = NO;
				CLANG_CXX_LANGUAGE_STANDARD = "gnu++0x";
				CLANG_CXX_LIBRARY = "libc++";
				CLANG_ENABLE_MODULES = YES;
				CLANG_ENABLE_OBJC_ARC = YES;
				CLANG_WARN_BOOL_CONVERSION = YES;
				CLANG_WARN_CONSTANT_CONVERSION = YES;
				CLANG_WARN_DIRECT_OBJC_ISA_USAGE = YES_ERROR;
				CLANG_WARN_EMPTY_BODY = YES;
				CLANG_WARN_ENUM_CONVERSION = YES;
				CLANG_WARN_INT_CONVERSION = YES;
				CLANG_WARN_OBJC_ROOT_CLASS = YES_ERROR;
				CLANG_WARN_UNREACHABLE_CODE = YES;
				CLANG_WARN__DUPLICATE_METHOD_MATCH = YES;
				"CODE_SIGN_IDENTITY[sdk=iphoneos*]" = "iPhone Developer";
				COPY_PHASE_STRIP = NO;
				DEBUG_INFORMATION_FORMAT = "dwarf-with-dsym";
				ENABLE_STRICT_OBJC_MSGSEND = YES;
				GCC_C_LANGUAGE_STANDARD = gnu99;
				GCC_DYNAMIC_NO_PIC = NO;
				GCC_NO_COMMON_BLOCKS = YES;
				GCC_OPTIMIZATION_LEVEL = 0;
				GCC_PREPROCESSOR_DEFINITIONS = (
					"DEBUG=1",
					"$(inherited)",
				);
				GCC_SYMBOLS_PRIVATE_EXTERN = NO;
				GCC_WARN_64_TO_32_BIT_CONVERSION = YES;
				GCC_WARN_ABOUT_RETURN_TYPE = YES_ERROR;
				GCC_WARN_UNDECLARED_SELECTOR = YES;
				GCC_WARN_UNINITIALIZED_AUTOS = YES_AGGRESSIVE;
				GCC_WARN_UNUSED_FUNCTION = YES;
				GCC_WARN_UNUSED_VARIABLE = YES;
				IPHONEOS_DEPLOYMENT_TARGET = 8.3;
				MTL_ENABLE_DEBUG_INFO = YES;
				ONLY_ACTIVE_ARCH = YES;
				SDKROOT = iphoneos;
				SWIFT_OPTIMIZATION_LEVEL = "-Onone";
				TARGETED_DEVICE_FAMILY = "1,2";
			};
			name = Debug;
		};
		06D007C41B1F9E6200455763 /* Release */ = {
			isa = XCBuildConfiguration;
			buildSettings = {
				ALWAYS_SEARCH_USER_PATHS = NO;
				CLANG_CXX_LANGUAGE_STANDARD = "gnu++0x";
				CLANG_CXX_LIBRARY = "libc++";
				CLANG_ENABLE_MODULES = YES;
				CLANG_ENABLE_OBJC_ARC = YES;
				CLANG_WARN_BOOL_CONVERSION = YES;
				CLANG_WARN_CONSTANT_CONVERSION = YES;
				CLANG_WARN_DIRECT_OBJC_ISA_USAGE = YES_ERROR;
				CLANG_WARN_EMPTY_BODY = YES;
				CLANG_WARN_ENUM_CONVERSION = YES;
				CLANG_WARN_INT_CONVERSION = YES;
				CLANG_WARN_OBJC_ROOT_CLASS = YES_ERROR;
				CLANG_WARN_UNREACHABLE_CODE = YES;
				CLANG_WARN__DUPLICATE_METHOD_MATCH = YES;
				"CODE_SIGN_IDENTITY[sdk=iphoneos*]" = "iPhone Developer";
				COPY_PHASE_STRIP = NO;
				DEBUG_INFORMATION_FORMAT = "dwarf-with-dsym";
				ENABLE_NS_ASSERTIONS = NO;
				ENABLE_STRICT_OBJC_MSGSEND = YES;
				GCC_C_LANGUAGE_STANDARD = gnu99;
				GCC_NO_COMMON_BLOCKS = YES;
				GCC_WARN_64_TO_32_BIT_CONVERSION = YES;
				GCC_WARN_ABOUT_RETURN_TYPE = YES_ERROR;
				GCC_WARN_UNDECLARED_SELECTOR = YES;
				GCC_WARN_UNINITIALIZED_AUTOS = YES_AGGRESSIVE;
				GCC_WARN_UNUSED_FUNCTION = YES;
				GCC_WARN_UNUSED_VARIABLE = YES;
				IPHONEOS_DEPLOYMENT_TARGET = 8.3;
				MTL_ENABLE_DEBUG_INFO = NO;
				SDKROOT = iphoneos;
				TARGETED_DEVICE_FAMILY = "1,2";
				VALIDATE_PRODUCT = YES;
			};
			name = Release;
		};
		06D007C61B1F9E6200455763 /* Debug */ = {
			isa = XCBuildConfiguration;
			buildSettings = {
				ASSETCATALOG_COMPILER_APPICON_NAME = AppIcon;
				INFOPLIST_FILE = TableViewContainer/Info.plist;
				LD_RUNPATH_SEARCH_PATHS = "$(inherited) @executable_path/Frameworks";
				PRODUCT_NAME = "$(TARGET_NAME)";
			};
			name = Debug;
		};
		06D007C71B1F9E6200455763 /* Release */ = {
			isa = XCBuildConfiguration;
			buildSettings = {
				ASSETCATALOG_COMPILER_APPICON_NAME = AppIcon;
				INFOPLIST_FILE = TableViewContainer/Info.plist;
				LD_RUNPATH_SEARCH_PATHS = "$(inherited) @executable_path/Frameworks";
				PRODUCT_NAME = "$(TARGET_NAME)";
			};
			name = Release;
		};
		06D007C91B1F9E6200455763 /* Debug */ = {
			isa = XCBuildConfiguration;
			buildSettings = {
				BUNDLE_LOADER = "$(TEST_HOST)";
				FRAMEWORK_SEARCH_PATHS = (
					"$(SDKROOT)/Developer/Library/Frameworks",
					"$(inherited)",
				);
				GCC_PREPROCESSOR_DEFINITIONS = (
					"DEBUG=1",
					"$(inherited)",
				);
				INFOPLIST_FILE = TableViewContainerTests/Info.plist;
				LD_RUNPATH_SEARCH_PATHS = "$(inherited) @executable_path/Frameworks @loader_path/Frameworks";
				PRODUCT_NAME = "$(TARGET_NAME)";
				TEST_HOST = "$(BUILT_PRODUCTS_DIR)/TableViewContainer.app/TableViewContainer";
			};
			name = Debug;
		};
		06D007CA1B1F9E6200455763 /* Release */ = {
			isa = XCBuildConfiguration;
			buildSettings = {
				BUNDLE_LOADER = "$(TEST_HOST)";
				FRAMEWORK_SEARCH_PATHS = (
					"$(SDKROOT)/Developer/Library/Frameworks",
					"$(inherited)",
				);
				INFOPLIST_FILE = TableViewContainerTests/Info.plist;
				LD_RUNPATH_SEARCH_PATHS = "$(inherited) @executable_path/Frameworks @loader_path/Frameworks";
				PRODUCT_NAME = "$(TARGET_NAME)";
				TEST_HOST = "$(BUILT_PRODUCTS_DIR)/TableViewContainer.app/TableViewContainer";
			};
			name = Release;
		};
/* End XCBuildConfiguration section */

/* Begin XCConfigurationList section */
		06D007A11B1F9E6200455763 /* Build configuration list for PBXProject "TableViewContainer" */ = {
			isa = XCConfigurationList;
			buildConfigurations = (
				06D007C31B1F9E6200455763 /* Debug */,
				06D007C41B1F9E6200455763 /* Release */,
			);
			defaultConfigurationIsVisible = 0;
			defaultConfigurationName = Release;
		};
		06D007C51B1F9E6200455763 /* Build configuration list for PBXNativeTarget "TableViewContainer" */ = {
			isa = XCConfigurationList;
			buildConfigurations = (
				06D007C61B1F9E6200455763 /* Debug */,
				06D007C71B1F9E6200455763 /* Release */,
			);
			defaultConfigurationIsVisible = 0;
			defaultConfigurationName = Release;
		};
		06D007C81B1F9E6200455763 /* Build configuration list for PBXNativeTarget "TableViewContainerTests" */ = {
			isa = XCConfigurationList;
			buildConfigurations = (
				06D007C91B1F9E6200455763 /* Debug */,
				06D007CA1B1F9E6200455763 /* Release */,
			);
			defaultConfigurationIsVisible = 0;
			defaultConfigurationName = Release;
		};
/* End XCConfigurationList section */
	};
	rootObject = 06D0079E1B1F9E6200455763 /* Project object */;
}
